<?xml version="1.0" encoding="utf-8"?>
<Project ToolsVersion="4.0" xmlns="http://schemas.microsoft.com/developer/msbuild/2003">
  <ItemGroup>
    <Filter Include="Utils">
      <UniqueIdentifier>{1f410275-4b0d-43df-954c-b92d54ee7618}</UniqueIdentifier>
    </Filter>
    <Filter Include="Engine">
      <UniqueIdentifier>{6ce43090-4e57-48dc-b80d-f42cb6f9403d}</UniqueIdentifier>
    </Filter>
    <Filter Include="Engine\Header Files">
      <UniqueIdentifier>{8d2bd962-fb05-47ec-bed6-a7f1e9d42cc4}</UniqueIdentifier>
    </Filter>
    <Filter Include="Engine\Source Files">
      <UniqueIdentifier>{9e558372-5722-4550-818d-f06fa01c97a8}</UniqueIdentifier>
    </Filter>
    <Filter Include="Utils\Header Files">
      <UniqueIdentifier>{09c3db78-edff-4d45-8c20-e1f3b08c2793}</UniqueIdentifier>
    </Filter>
    <Filter Include="Utils\Source Files">
      <UniqueIdentifier>{bd8256f3-0f2c-4d4e-9941-0f4826b17735}</UniqueIdentifier>
    </Filter>
    <Filter Include="ITMLib">
      <UniqueIdentifier>{96026be7-cddc-4827-a6f2-a92f671fa68a}</UniqueIdentifier>
    </Filter>
    <Filter Include="ITMLib\Engine">
      <UniqueIdentifier>{cb1ec616-84e8-4de0-879e-fa84d2ac4df2}</UniqueIdentifier>
    </Filter>
    <Filter Include="ITMLib\Objects">
      <UniqueIdentifier>{95e47f30-61d1-4489-bada-6f08739de6a5}</UniqueIdentifier>
    </Filter>
    <Filter Include="ITMLib\Objects\Header Files">
      <UniqueIdentifier>{199e50d6-21b1-46b5-be6b-6e006daa27c5}</UniqueIdentifier>
    </Filter>
    <Filter Include="ITMLib\Objects\Source Files">
      <UniqueIdentifier>{606de3dd-ae2c-467a-80f5-7422b5e4f6c4}</UniqueIdentifier>
    </Filter>
    <Filter Include="ITMLib\Utils">
      <UniqueIdentifier>{18ccd70d-1127-4103-9624-6b7cd10b8f4e}</UniqueIdentifier>
    </Filter>
    <Filter Include="ITMLib\Utils\Header Files">
      <UniqueIdentifier>{775eec87-1f2a-4289-b546-b155f1d29c26}</UniqueIdentifier>
    </Filter>
    <Filter Include="ITMLib\Utils\Source Files">
      <UniqueIdentifier>{bc6db8cd-cc3a-4c90-b85e-9e38c76db125}</UniqueIdentifier>
    </Filter>
    <Filter Include="ITMLib\Engine\DeviceSpecific">
      <UniqueIdentifier>{0bc217ca-3a93-4865-b554-4b5c013a93b9}</UniqueIdentifier>
    </Filter>
    <Filter Include="ITMLib\Engine\DeviceSpecific\CUDA">
      <UniqueIdentifier>{f0ab1e40-ee17-4e17-a928-11d247a89293}</UniqueIdentifier>
    </Filter>
    <Filter Include="ITMLib\Engine\DeviceSpecific\CPU">
      <UniqueIdentifier>{7b5b0e02-10b2-4547-a38f-59d472a65838}</UniqueIdentifier>
    </Filter>
    <Filter Include="ITMLib\Engine\DeviceAgnostic">
      <UniqueIdentifier>{81fe007a-9227-4a3c-8cc3-91bd54e42b5e}</UniqueIdentifier>
    </Filter>
    <Filter Include="ITMLib\Engine\Trackers">
      <UniqueIdentifier>{b7c1abfb-1faa-4437-b421-e0847200dd2f}</UniqueIdentifier>
    </Filter>
    <Filter Include="Common">
      <UniqueIdentifier>{c1df210e-06c3-4643-afbe-c972e77c0870}</UniqueIdentifier>
    </Filter>
    <Filter Include="Common\Header Files">
      <UniqueIdentifier>{a6b897e3-4440-4118-bbe0-0255508154cd}</UniqueIdentifier>
    </Filter>
    <Filter Include="Common\Source Files">
      <UniqueIdentifier>{af56978c-0018-4a43-809f-153da0e71a26}</UniqueIdentifier>
    </Filter>
    <Filter Include="ObjPreSegment">
      <UniqueIdentifier>{aaced5a2-c0a2-4731-bc38-d89f1b8c97bf}</UniqueIdentifier>
    </Filter>
    <Filter Include="ObjPreSegment\Header Files">
      <UniqueIdentifier>{72b31fbf-718a-42fe-8ba1-dd9ced109727}</UniqueIdentifier>
    </Filter>
    <Filter Include="ObjPreSegment\Source Files">
      <UniqueIdentifier>{22ec27d8-3508-4eaa-80b2-5ee1baba9b8a}</UniqueIdentifier>
    </Filter>
    <Filter Include="GraphCut">
      <UniqueIdentifier>{8c29de2b-0fab-4361-8003-4d914e5932ae}</UniqueIdentifier>
    </Filter>
    <Filter Include="GraphCut\Header Files">
      <UniqueIdentifier>{d8c0c9cd-804b-4932-af9d-d15695bfdf65}</UniqueIdentifier>
    </Filter>
    <Filter Include="GraphCut\Source Files">
      <UniqueIdentifier>{cb694aaa-85da-4dc4-8a69-d29f029285ba}</UniqueIdentifier>
    </Filter>
    <Filter Include="ChangeDetection">
      <UniqueIdentifier>{5effed26-18f6-4370-8db5-5ec4ef01b196}</UniqueIdentifier>
    </Filter>
    <Filter Include="ChangeDetection\Header Files">
      <UniqueIdentifier>{fd97cc07-cd6f-4cdc-b5ab-e1ab8f7152ca}</UniqueIdentifier>
    </Filter>
    <Filter Include="ChangeDetection\Source Files">
      <UniqueIdentifier>{fb6c4eec-d959-4a7f-8b23-013c356c33b2}</UniqueIdentifier>
    </Filter>
  </ItemGroup>
  <ItemGroup>
    <ClCompile Include="Utils\FileUtils.cpp">
      <Filter>Utils\Source Files</Filter>
    </ClCompile>
    <ClCompile Include="Engine\OpenNIEngine.cpp">
      <Filter>Engine\Source Files</Filter>
    </ClCompile>
    <ClCompile Include="InfiniTAM.cpp" />
    <ClCompile Include="ITMLib\Objects\ITMDisparityCalib.cpp">
      <Filter>ITMLib\Objects\Source Files</Filter>
    </ClCompile>
    <ClCompile Include="ITMLib\Objects\ITMIntrinsics.cpp">
      <Filter>ITMLib\Objects\Source Files</Filter>
    </ClCompile>
    <ClCompile Include="ITMLib\Objects\ITMPose.cpp">
      <Filter>ITMLib\Objects\Source Files</Filter>
    </ClCompile>
    <ClCompile Include="ITMLib\Utils\ITMCalibIO.cpp">
      <Filter>ITMLib\Utils\Source Files</Filter>
    </ClCompile>
    <ClCompile Include="Engine\ImageSourceEngine.cpp">
      <Filter>Engine\Source Files</Filter>
    </ClCompile>
    <ClCompile Include="ITMLib\Utils\ITMLibSettings.cpp">
      <Filter>ITMLib\Utils\Source Files</Filter>
    </ClCompile>
    <ClCompile Include="ITMLib\Engine\DeviceSpecific\CPU\ITMLowLevelEngine_CPU.cpp">
      <Filter>ITMLib\Engine\DeviceSpecific\CPU</Filter>
    </ClCompile>
    <ClCompile Include="ITMLib\Engine\DeviceSpecific\CPU\ITMDepthTracker_CPU.cpp">
      <Filter>ITMLib\Engine\DeviceSpecific\CPU</Filter>
    </ClCompile>
    <ClCompile Include="ITMLib\Engine\DeviceSpecific\CPU\ITMSceneReconstructionEngine_CPU.cpp">
      <Filter>ITMLib\Engine\DeviceSpecific\CPU</Filter>
    </ClCompile>
    <ClCompile Include="ITMLib\Engine\ITMMainEngine.cpp">
      <Filter>ITMLib\Engine</Filter>
    </ClCompile>
    <ClCompile Include="ITMLib\Engine\DeviceSpecific\CPU\ITMColorTracker_CPU.cpp">
      <Filter>ITMLib\Engine\DeviceSpecific\CPU</Filter>
    </ClCompile>
    <ClCompile Include="ITMLib\Engine\ITMVisualisationEngine.cpp">
      <Filter>ITMLib\Engine</Filter>
    </ClCompile>
    <ClCompile Include="Engine\UIEngine.cpp">
      <Filter>Engine\Source Files</Filter>
    </ClCompile>
    <ClCompile Include="ITMLib\Engine\DeviceSpecific\CPU\ITMSwappingEngine_CPU.cpp">
      <Filter>ITMLib\Engine\DeviceSpecific\CPU</Filter>
    </ClCompile>
    <ClCompile Include="ITMLib\Engine\DeviceSpecific\CPU\ITMVisualisationEngine_CPU.cpp">
      <Filter>ITMLib\Engine\DeviceSpecific\CPU</Filter>
    </ClCompile>
    <ClCompile Include="Engine\Kinect2Engine.cpp">
      <Filter>Engine\Source Files</Filter>
    </ClCompile>
    <ClCompile Include="ITMLib\Engine\DeviceSpecific\CPU\ITMRenTracker_CPU.cpp">
      <Filter>ITMLib\Engine\DeviceSpecific\CPU</Filter>
    </ClCompile>
    <ClCompile Include="ITMLib\Engine\ITMColorTracker.cpp">
      <Filter>ITMLib\Engine\Trackers</Filter>
    </ClCompile>
    <ClCompile Include="ITMLib\Engine\ITMDepthTracker.cpp">
      <Filter>ITMLib\Engine\Trackers</Filter>
    </ClCompile>
    <ClCompile Include="ITMLib\Engine\ITMRenTracker.cpp">
      <Filter>ITMLib\Engine\Trackers</Filter>
    </ClCompile>
    <ClCompile Include="ITMLib\Engine\ITMTrackerFactory.cpp">
      <Filter>ITMLib\Engine</Filter>
    </ClCompile>
    <ClCompile Include="GraphCut\BinarySeg.cpp">
      <Filter>GraphCut\Source Files</Filter>
    </ClCompile>
    <ClCompile Include="GraphCut\Clustering.cpp">
      <Filter>GraphCut\Source Files</Filter>
    </ClCompile>
    <ClCompile Include="GraphCut\GCoptimization.cpp">
      <Filter>GraphCut\Source Files</Filter>
    </ClCompile>
    <ClCompile Include="GraphCut\graph.cpp">
      <Filter>GraphCut\Source Files</Filter>
    </ClCompile>
    <ClCompile Include="GraphCut\GraphCutBasicStruct.cpp">
      <Filter>GraphCut\Source Files</Filter>
    </ClCompile>
    <ClCompile Include="GraphCut\kdtree.cpp">
      <Filter>GraphCut\Source Files</Filter>
    </ClCompile>
    <ClCompile Include="GraphCut\LinkedBlockList.cpp">
      <Filter>GraphCut\Source Files</Filter>
    </ClCompile>
    <ClCompile Include="GraphCut\maxflow.cpp">
      <Filter>GraphCut\Source Files</Filter>
    </ClCompile>
    <ClCompile Include="GraphCut\MultiSeg.cpp">
      <Filter>GraphCut\Source Files</Filter>
    </ClCompile>
    <ClCompile Include="GraphCut\PointCloudAnalysis.cpp">
      <Filter>GraphCut\Source Files</Filter>
    </ClCompile>
    <ClCompile Include="GraphCut\ScanEstimation.cpp">
      <Filter>GraphCut\Source Files</Filter>
    </ClCompile>
    <ClCompile Include="Common\color_op.cpp">
      <Filter>Common\Source Files</Filter>
    </ClCompile>
    <ClCompile Include="Common\common_func.cpp">
      <Filter>Common\Source Files</Filter>
    </ClCompile>
    <ClCompile Include="Common\common_type.cpp">
      <Filter>Common\Source Files</Filter>
    </ClCompile>
    <ClCompile Include="Common\file_io.cpp">
      <Filter>Common\Source Files</Filter>
    </ClCompile>
    <ClCompile Include="Common\utility.cpp">
      <Filter>Common\Source Files</Filter>
    </ClCompile>
    <ClCompile Include="Common\visualizer.cpp">
      <Filter>Common\Source Files</Filter>
    </ClCompile>
    <ClCompile Include="ObjPreSegment\main.cpp">
      <Filter>ObjPreSegment\Source Files</Filter>
    </ClCompile>
    <ClCompile Include="ObjPreSegment\main_scene_seg.cpp">
      <Filter>ObjPreSegment\Source Files</Filter>
    </ClCompile>
    <ClCompile Include="ObjPreSegment\object_segmentation.cpp">
      <Filter>ObjPreSegment\Source Files</Filter>
    </ClCompile>
    <ClCompile Include="ObjPreSegment\scene_graph.cpp">
      <Filter>ObjPreSegment\Source Files</Filter>
    </ClCompile>
    <ClCompile Include="ObjPreSegment\scene_seg.cpp">
      <Filter>ObjPreSegment\Source Files</Filter>
    </ClCompile>
    <ClCompile Include="ObjPreSegment\supervoxel_clustering.cpp">
      <Filter>ObjPreSegment\Source Files</Filter>
    </ClCompile>
    <ClCompile Include="Common\KDtree.cpp">
      <Filter>Common\Source Files</Filter>
    </ClCompile>
    <ClCompile Include="ChangeDetection\detect_change.cpp">
      <Filter>ChangeDetection\Source Files</Filter>
    </ClCompile>
  </ItemGroup>
  <ItemGroup>
    <ClInclude Include="Utils\FileUtils.h">
      <Filter>Utils\Header Files</Filter>
    </ClInclude>
    <ClInclude Include="Engine\OpenNIEngine.h">
      <Filter>Engine\Header Files</Filter>
    </ClInclude>
    <ClInclude Include="ITMLib\ITMLib.h">
      <Filter>ITMLib</Filter>
    </ClInclude>
    <ClInclude Include="ITMLib\Objects\ITMDisparityCalib.h">
      <Filter>ITMLib\Objects\Header Files</Filter>
    </ClInclude>
    <ClInclude Include="ITMLib\Objects\ITMExtrinsics.h">
      <Filter>ITMLib\Objects\Header Files</Filter>
    </ClInclude>
    <ClInclude Include="ITMLib\Objects\ITMHashTable.h">
      <Filter>ITMLib\Objects\Header Files</Filter>
    </ClInclude>
    <ClInclude Include="ITMLib\Objects\ITMImage.h">
      <Filter>ITMLib\Objects\Header Files</Filter>
    </ClInclude>
    <ClInclude Include="ITMLib\Objects\ITMIntrinsics.h">
      <Filter>ITMLib\Objects\Header Files</Filter>
    </ClInclude>
    <ClInclude Include="ITMLib\Objects\ITMPointCloud.h">
      <Filter>ITMLib\Objects\Header Files</Filter>
    </ClInclude>
    <ClInclude Include="ITMLib\Objects\ITMPose.h">
      <Filter>ITMLib\Objects\Header Files</Filter>
    </ClInclude>
    <ClInclude Include="ITMLib\Objects\ITMScene.h">
      <Filter>ITMLib\Objects\Header Files</Filter>
    </ClInclude>
    <ClInclude Include="ITMLib\Objects\ITMSceneParams.h">
      <Filter>ITMLib\Objects\Header Files</Filter>
    </ClInclude>
    <ClInclude Include="ITMLib\Objects\ITMView.h">
      <Filter>ITMLib\Objects\Header Files</Filter>
    </ClInclude>
    <ClInclude Include="ITMLib\Objects\ITMViewHierarchyLevel.h">
      <Filter>ITMLib\Objects\Header Files</Filter>
    </ClInclude>
    <ClInclude Include="ITMLib\Objects\ITMImageHierarchy.h">
      <Filter>ITMLib\Objects\Header Files</Filter>
    </ClInclude>
    <ClInclude Include="ITMLib\Objects\ITMSceneHierarchyLevel.h">
      <Filter>ITMLib\Objects\Header Files</Filter>
    </ClInclude>
    <ClInclude Include="ITMLib\Utils\ITMCalibIO.h">
      <Filter>ITMLib\Utils\Header Files</Filter>
    </ClInclude>
    <ClInclude Include="ITMLib\Utils\ITMMath.h">
      <Filter>ITMLib\Utils\Header Files</Filter>
    </ClInclude>
    <ClInclude Include="ITMLib\Utils\ITMMatrix.h">
      <Filter>ITMLib\Utils\Header Files</Filter>
    </ClInclude>
    <ClInclude Include="ITMLib\Utils\ITMVector.h">
      <Filter>ITMLib\Utils\Header Files</Filter>
    </ClInclude>
    <ClInclude Include="Engine\ImageSourceEngine.h">
      <Filter>Engine\Header Files</Filter>
    </ClInclude>
    <ClInclude Include="ITMLib\Utils\ITMCholesky.h">
      <Filter>ITMLib\Utils\Header Files</Filter>
    </ClInclude>
    <ClInclude Include="ITMLib\Utils\ITMLibSettings.h">
      <Filter>ITMLib\Utils\Header Files</Filter>
    </ClInclude>
    <ClInclude Include="ITMLib\Utils\ITMPixelUtils.h">
      <Filter>ITMLib\Utils\Header Files</Filter>
    </ClInclude>
    <ClInclude Include="ITMLib\Engine\DeviceSpecific\CPU\ITMLowLevelEngine_CPU.h">
      <Filter>ITMLib\Engine\DeviceSpecific\CPU</Filter>
    </ClInclude>
    <ClInclude Include="ITMLib\Engine\DeviceSpecific\CPU\ITMDepthTracker_CPU.h">
      <Filter>ITMLib\Engine\DeviceSpecific\CPU</Filter>
    </ClInclude>
    <ClInclude Include="ITMLib\Engine\DeviceAgnostic\ITMSceneReconstructionEngine.h">
      <Filter>ITMLib\Engine\DeviceAgnostic</Filter>
    </ClInclude>
    <ClInclude Include="ITMLib\Engine\DeviceSpecific\CPU\ITMSceneReconstructionEngine_CPU.h">
      <Filter>ITMLib\Engine\DeviceSpecific\CPU</Filter>
    </ClInclude>
    <ClInclude Include="ITMLib\Engine\ITMMainEngine.h">
      <Filter>ITMLib\Engine</Filter>
    </ClInclude>
    <ClInclude Include="ITMLib\Engine\DeviceSpecific\CPU\ITMColorTracker_CPU.h">
      <Filter>ITMLib\Engine\DeviceSpecific\CPU</Filter>
    </ClInclude>
    <ClInclude Include="ITMLib\Engine\ITMVisualisationEngine.h">
      <Filter>ITMLib\Engine</Filter>
    </ClInclude>
    <ClInclude Include="ITMLib\Engine\ITMLowLevelEngine.h">
      <Filter>ITMLib\Engine</Filter>
    </ClInclude>
    <ClInclude Include="ITMLib\Engine\ITMSceneReconstructionEngine.h">
      <Filter>ITMLib\Engine</Filter>
    </ClInclude>
    <ClInclude Include="ITMLib\Engine\DeviceSpecific\CUDA\ITMColorTracker_CUDA.h">
      <Filter>ITMLib\Engine\DeviceSpecific\CUDA</Filter>
    </ClInclude>
    <ClInclude Include="ITMLib\Engine\DeviceSpecific\CUDA\ITMDepthTracker_CUDA.h">
      <Filter>ITMLib\Engine\DeviceSpecific\CUDA</Filter>
    </ClInclude>
    <ClInclude Include="ITMLib\Engine\DeviceSpecific\CUDA\ITMLowLevelEngine_CUDA.h">
      <Filter>ITMLib\Engine\DeviceSpecific\CUDA</Filter>
    </ClInclude>
    <ClInclude Include="ITMLib\Engine\DeviceSpecific\CUDA\ITMSceneReconstructionEngine_CUDA.h">
      <Filter>ITMLib\Engine\DeviceSpecific\CUDA</Filter>
    </ClInclude>
    <ClInclude Include="ITMLib\Engine\DeviceAgnostic\ITMDepthTracker.h">
      <Filter>ITMLib\Engine\DeviceAgnostic</Filter>
    </ClInclude>
    <ClInclude Include="ITMLib\Engine\DeviceAgnostic\ITMLowLevelEngine.h">
      <Filter>ITMLib\Engine\DeviceAgnostic</Filter>
    </ClInclude>
    <ClInclude Include="ITMLib\Engine\DeviceAgnostic\ITMColorTracker.h">
      <Filter>ITMLib\Engine\DeviceAgnostic</Filter>
    </ClInclude>
    <ClInclude Include="Engine\UIEngine.h">
      <Filter>Engine\Header Files</Filter>
    </ClInclude>
    <ClInclude Include="ITMLib\Engine\ITMSwappingEngine.h">
      <Filter>ITMLib\Engine</Filter>
    </ClInclude>
    <ClInclude Include="ITMLib\Engine\DeviceSpecific\CUDA\ITMSwappingEngine_CUDA.h">
      <Filter>ITMLib\Engine\DeviceSpecific\CUDA</Filter>
    </ClInclude>
    <ClInclude Include="ITMLib\Engine\DeviceSpecific\CPU\ITMSwappingEngine_CPU.h">
      <Filter>ITMLib\Engine\DeviceSpecific\CPU</Filter>
    </ClInclude>
    <ClInclude Include="ITMLib\Objects\ITMLocalVBA.h">
      <Filter>ITMLib\Objects\Header Files</Filter>
    </ClInclude>
    <ClInclude Include="ITMLib\Engine\DeviceSpecific\CUDA\ITMCUDADefines.h">
      <Filter>ITMLib\Engine\DeviceSpecific\CUDA</Filter>
    </ClInclude>
    <ClInclude Include="ITMLib\Engine\DeviceSpecific\CUDA\ITMCUDAUtils.h">
      <Filter>ITMLib\Engine\DeviceSpecific\CUDA</Filter>
    </ClInclude>
    <ClInclude Include="Utils\NVTimer.h">
      <Filter>Utils\Header Files</Filter>
    </ClInclude>
    <ClInclude Include="ITMLib\Utils\ITMLibDefines.h">
      <Filter>ITMLib\Utils\Header Files</Filter>
    </ClInclude>
    <ClInclude Include="ITMLib\Objects\ITMGlobalCache.h">
      <Filter>ITMLib\Objects\Header Files</Filter>
    </ClInclude>
    <ClInclude Include="ITMLib\Objects\ITMTrackingState.h">
      <Filter>ITMLib\Objects\Header Files</Filter>
    </ClInclude>
    <ClInclude Include="ITMLib\Objects\ITMPlainVoxelArray.h">
      <Filter>ITMLib\Objects\Header Files</Filter>
    </ClInclude>
    <ClInclude Include="ITMLib\Objects\ITMVoxelBlockHash.h">
      <Filter>ITMLib\Objects\Header Files</Filter>
    </ClInclude>
    <ClInclude Include="ITMLib\Engine\DeviceAgnostic\ITMSwappingEngine.h">
      <Filter>ITMLib\Engine\DeviceAgnostic</Filter>
    </ClInclude>
    <ClInclude Include="ITMLib\Engine\DeviceAgnostic\ITMVisualisationEngine.h">
      <Filter>ITMLib\Engine\DeviceAgnostic</Filter>
    </ClInclude>
    <ClInclude Include="ITMLib\Engine\DeviceSpecific\CPU\ITMVisualisationEngine_CPU.h">
      <Filter>ITMLib\Engine\DeviceSpecific\CPU</Filter>
    </ClInclude>
    <ClInclude Include="ITMLib\Engine\DeviceSpecific\CUDA\ITMVisualisationEngine_CUDA.h">
      <Filter>ITMLib\Engine\DeviceSpecific\CUDA</Filter>
    </ClInclude>
    <ClInclude Include="ITMLib\Engine\DeviceAgnostic\ITMRepresentationAccess.h">
      <Filter>ITMLib\Engine\DeviceAgnostic</Filter>
    </ClInclude>
    <ClInclude Include="Engine\Kinect2Engine.h">
      <Filter>Engine\Header Files</Filter>
    </ClInclude>
    <ClInclude Include="ITMLib\Engine\DeviceAgnostic\ITMRenTracker.h">
      <Filter>ITMLib\Engine\DeviceAgnostic</Filter>
    </ClInclude>
    <ClInclude Include="ITMLib\Engine\DeviceSpecific\CPU\ITMRenTracker_CPU.h">
      <Filter>ITMLib\Engine\DeviceSpecific\CPU</Filter>
    </ClInclude>
    <ClInclude Include="ITMLib\Engine\DeviceSpecific\CUDA\ITMRenTracker_CUDA.h">
      <Filter>ITMLib\Engine\DeviceSpecific\CUDA</Filter>
    </ClInclude>
    <ClInclude Include="ITMLib\Engine\ITMColorTracker.h">
      <Filter>ITMLib\Engine\Trackers</Filter>
    </ClInclude>
    <ClInclude Include="ITMLib\Engine\ITMDepthTracker.h">
      <Filter>ITMLib\Engine\Trackers</Filter>
    </ClInclude>
    <ClInclude Include="ITMLib\Engine\ITMRenTracker.h">
      <Filter>ITMLib\Engine\Trackers</Filter>
    </ClInclude>
    <ClInclude Include="ITMLib\Engine\ITMTracker.h">
      <Filter>ITMLib\Engine\Trackers</Filter>
    </ClInclude>
    <ClInclude Include="ITMLib\Objects\ITMTemplatedHierarchyLevel.h">
      <Filter>ITMLib\Objects\Header Files</Filter>
    </ClInclude>
    <ClInclude Include="ITMLib\Engine\ITMTrackerFactory.h">
      <Filter>ITMLib\Engine</Filter>
    </ClInclude>
    <ClInclude Include="GraphCut\BinarySeg.h">
      <Filter>GraphCut\Header Files</Filter>
    </ClInclude>
    <ClInclude Include="GraphCut\block.h">
      <Filter>GraphCut\Header Files</Filter>
    </ClInclude>
    <ClInclude Include="GraphCut\Clustering.h">
      <Filter>GraphCut\Header Files</Filter>
    </ClInclude>
    <ClInclude Include="GraphCut\energy.h">
      <Filter>GraphCut\Header Files</Filter>
    </ClInclude>
    <ClInclude Include="GraphCut\GCoptimization.h">
      <Filter>GraphCut\Header Files</Filter>
    </ClInclude>
    <ClInclude Include="GraphCut\graph.h">
      <Filter>GraphCut\Header Files</Filter>
    </ClInclude>
    <ClInclude Include="GraphCut\GraphCutBasicStruct.h">
      <Filter>GraphCut\Header Files</Filter>
    </ClInclude>
    <ClInclude Include="GraphCut\GraphCutGlobalHeader.h">
      <Filter>GraphCut\Header Files</Filter>
    </ClInclude>
    <ClInclude Include="GraphCut\kdtree.h">
      <Filter>GraphCut\Header Files</Filter>
    </ClInclude>
    <ClInclude Include="GraphCut\LinkedBlockList.h">
      <Filter>GraphCut\Header Files</Filter>
    </ClInclude>
    <ClInclude Include="GraphCut\matrix.h">
      <Filter>GraphCut\Header Files</Filter>
    </ClInclude>
    <ClInclude Include="GraphCut\MultiSeg.h">
      <Filter>GraphCut\Header Files</Filter>
    </ClInclude>
    <ClInclude Include="GraphCut\MyClass.h">
      <Filter>GraphCut\Header Files</Filter>
    </ClInclude>
    <ClInclude Include="GraphCut\PointCloudAnalysis.h">
      <Filter>GraphCut\Header Files</Filter>
    </ClInclude>
    <ClInclude Include="GraphCut\ScanEstimation.h">
      <Filter>GraphCut\Header Files</Filter>
    </ClInclude>
    <ClInclude Include="Common\color_op.h">
      <Filter>Common\Header Files</Filter>
    </ClInclude>
    <ClInclude Include="Common\common_func.h">
      <Filter>Common\Header Files</Filter>
    </ClInclude>
    <ClInclude Include="Common\common_type.h">
      <Filter>Common\Header Files</Filter>
    </ClInclude>
    <ClInclude Include="Common\file_io.h">
      <Filter>Common\Header Files</Filter>
    </ClInclude>
    <ClInclude Include="Common\utility.h">
      <Filter>Common\Header Files</Filter>
    </ClInclude>
    <ClInclude Include="Common\visualizer.h">
      <Filter>Common\Header Files</Filter>
    </ClInclude>
    <ClInclude Include="ObjPreSegment\object_segmentation.h">
      <Filter>ObjPreSegment\Header Files</Filter>
    </ClInclude>
    <ClInclude Include="ObjPreSegment\scene_graph.h">
      <Filter>ObjPreSegment\Header Files</Filter>
    </ClInclude>
    <ClInclude Include="ObjPreSegment\scene_seg.h">
      <Filter>ObjPreSegment\Header Files</Filter>
    </ClInclude>
    <ClInclude Include="ObjPreSegment\supervoxel_clustering.h">
      <Filter>ObjPreSegment\Header Files</Filter>
    </ClInclude>
    <ClInclude Include="ObjPreSegment\supervoxel_clustering.hpp">
      <Filter>ObjPreSegment\Header Files</Filter>
    </ClInclude>
    <ClInclude Include="Common\CMesh.h">
      <Filter>Common\Header Files</Filter>
    </ClInclude>
    <ClInclude Include="Common\CUDA_KDtree.h">
      <Filter>Common\Header Files</Filter>
    </ClInclude>
    <ClInclude Include="Common\KDtree.h">
      <Filter>Common\Header Files</Filter>
    </ClInclude>
    <ClInclude Include="ChangeDetection\detect_change.h">
      <Filter>ChangeDetection\Header Files</Filter>
    </ClInclude>
  </ItemGroup>
  <ItemGroup>
    <CudaCompile Include="ITMLib\Engine\DeviceSpecific\CUDA\ITMColorTracker_CUDA.cu">
      <Filter>ITMLib\Engine\DeviceSpecific\CUDA</Filter>
    </CudaCompile>
    <CudaCompile Include="ITMLib\Engine\DeviceSpecific\CUDA\ITMDepthTracker_CUDA.cu">
      <Filter>ITMLib\Engine\DeviceSpecific\CUDA</Filter>
    </CudaCompile>
    <CudaCompile Include="ITMLib\Engine\DeviceSpecific\CUDA\ITMLowLevelEngine_CUDA.cu">
      <Filter>ITMLib\Engine\DeviceSpecific\CUDA</Filter>
    </CudaCompile>
    <CudaCompile Include="ITMLib\Engine\DeviceSpecific\CUDA\ITMSceneReconstructionEngine_CUDA.cu">
      <Filter>ITMLib\Engine\DeviceSpecific\CUDA</Filter>
    </CudaCompile>
    <CudaCompile Include="ITMLib\Engine\DeviceSpecific\CUDA\ITMSwappingEngine_CUDA.cu">
      <Filter>ITMLib\Engine\DeviceSpecific\CUDA</Filter>
    </CudaCompile>
    <CudaCompile Include="ITMLib\Engine\DeviceSpecific\CUDA\ITMVisualisationEngine_CUDA.cu">
      <Filter>ITMLib\Engine\DeviceSpecific\CUDA</Filter>
    </CudaCompile>
    <CudaCompile Include="ITMLib\Engine\DeviceSpecific\CUDA\ITMRenTracker_CUDA.cu">
      <Filter>ITMLib\Engine\DeviceSpecific\CUDA</Filter>
    </CudaCompile>
    <CudaCompile Include="Common\CUDA_KDtree.cu">
      <Filter>Common\Source Files</Filter>
    </CudaCompile>
  </ItemGroup>
</Project>